
Microsoft Visual Studio Solution File, Format Version 12.00
# Visual Studio Version 17
VisualStudioVersion = 17.7.33920.267
MinimumVisualStudioVersion = 10.0.40219.1
Project("{9A19103F-16F7-4668-BE54-9A1E7A4F7556}") = "CodegeistUnleashed.API", "CodegeistUnleashed.API.csproj", "{2AC8EB5E-23FF-491E-9A7E-5129C2CFC5EE}"
EndProject
Global
	GlobalSection(SolutionConfigurationPlatforms) = preSolution
		Debug|Any CPU = Debug|Any CPU
		Release|Any CPU = Release|Any CPU
	EndGlobalSection
	GlobalSection(ProjectConfigurationPlatforms) = postSolution
		{2AC8EB5E-23FF-491E-9A7E-5129C2CFC5EE}.Debug|Any CPU.ActiveCfg = Debug|Any CPU
		{2AC8EB5E-23FF-491E-9A7E-5129C2CFC5EE}.Debug|Any CPU.Build.0 = Debug|Any CPU
		{2AC8EB5E-23FF-491E-9A7E-5129C2CFC5EE}.Release|Any CPU.ActiveCfg = Release|Any CPU
		{2AC8EB5E-23FF-491E-9A7E-5129C2CFC5EE}.Release|Any CPU.Build.0 = Release|Any CPU
	EndGlobalSection
	GlobalSection(SolutionProperties) = preSolution
		HideSolutionNode = FALSE
	EndGlobalSection
	GlobalSection(ExtensibilityGlobals) = postSolution
		SolutionGuid = {C30C6841-54E1-4734-BA5F-857897D719B4}
	EndGlobalSection
EndGlobal
